
Microsoft Visual Studio Solution File, Format Version 12.00
# Visual Studio Version 16
VisualStudioVersion = 16.0.30011.22
MinimumVisualStudioVersion = 10.0.40219.1
Project("{FAE04EC0-301F-11D3-BF4B-00C04F79EFBC}") = "Shipwreck", "Shipwreck\Shipwreck.csproj", "{BA016EB7-1FD8-4624-BFE8-399763506CBF}"
EndProject
Global
	GlobalSection(SolutionConfigurationPlatforms) = preSolution
		Debug|Any CPU = Debug|Any CPU
		Release|Any CPU = Release|Any CPU
	EndGlobalSection
	GlobalSection(ProjectConfigurationPlatforms) = postSolution
		{BA016EB7-1FD8-4624-BFE8-399763506CBF}.Debug|Any CPU.ActiveCfg = Debug|Any CPU
		{BA016EB7-1FD8-4624-BFE8-399763506CBF}.Debug|Any CPU.Build.0 = Debug|Any CPU
		{BA016EB7-1FD8-4624-BFE8-399763506CBF}.Release|Any CPU.ActiveCfg = Release|Any CPU
		{BA016EB7-1FD8-4624-BFE8-399763506CBF}.Release|Any CPU.Build.0 = Release|Any CPU
	EndGlobalSection
	GlobalSection(SolutionProperties) = preSolution
		HideSolutionNode = FALSE
	EndGlobalSection
	GlobalSection(ExtensibilityGlobals) = postSolution
		SolutionGuid = {1CFE48A3-B9EC-4470-BEE9-55287775F89B}
	EndGlobalSection
EndGlobal
